
Microsoft Visual Studio Solution File, Format Version 12.00
# Visual Studio 15
VisualStudioVersion = 15.0.28307.168
MinimumVisualStudioVersion = 10.0.40219.1
Project("{FAE04EC0-301F-11D3-BF4B-00C04F79EFBC}") = "WorkerQueue", "WorkerQueue\WorkerQueue.csproj", "{E5F31672-74E3-497F-98AB-A5F9C3A398DC}"
EndProject
Global
	GlobalSection(SolutionConfigurationPlatforms) = preSolution
		Debug|Any CPU = Debug|Any CPU
		Release|Any CPU = Release|Any CPU
	EndGlobalSection
	GlobalSection(ProjectConfigurationPlatforms) = postSolution
		{E5F31672-74E3-497F-98AB-A5F9C3A398DC}.Debug|Any CPU.ActiveCfg = Debug|Any CPU
		{E5F31672-74E3-497F-98AB-A5F9C3A398DC}.Debug|Any CPU.Build.0 = Debug|Any CPU
		{E5F31672-74E3-497F-98AB-A5F9C3A398DC}.Release|Any CPU.ActiveCfg = Release|Any CPU
		{E5F31672-74E3-497F-98AB-A5F9C3A398DC}.Release|Any CPU.Build.0 = Release|Any CPU
	EndGlobalSection
	GlobalSection(SolutionProperties) = preSolution
		HideSolutionNode = FALSE
	EndGlobalSection
	GlobalSection(ExtensibilityGlobals) = postSolution
		SolutionGuid = {6861D5EB-B04D-422D-A153-EBBC6E1FA025}
	EndGlobalSection
EndGlobal
